
Microsoft Visual Studio Solution File, Format Version 12.00
# Visual Studio Version 16
VisualStudioVersion = 16.0.30907.101
MinimumVisualStudioVersion = 10.0.40219.1
Project("{FAE04EC0-301F-11D3-BF4B-00C04F79EFBC}") = "OOP2", "OOP2\OOP2.csproj", "{C347C42D-473E-4958-9083-8D0ABAE325BD}"
EndProject
Project("{FAE04EC0-301F-11D3-BF4B-00C04F79EFBC}") = "OOP3", "OOP3\OOP3.csproj", "{C99AE080-DDF0-491B-A513-C298979D6AE0}"
EndProject
Global
	GlobalSection(SolutionConfigurationPlatforms) = preSolution
		Debug|Any CPU = Debug|Any CPU
		Release|Any CPU = Release|Any CPU
	EndGlobalSection
	GlobalSection(ProjectConfigurationPlatforms) = postSolution
		{C347C42D-473E-4958-9083-8D0ABAE325BD}.Debug|Any CPU.ActiveCfg = Debug|Any CPU
		{C347C42D-473E-4958-9083-8D0ABAE325BD}.Debug|Any CPU.Build.0 = Debug|Any CPU
		{C347C42D-473E-4958-9083-8D0ABAE325BD}.Release|Any CPU.ActiveCfg = Release|Any CPU
		{C347C42D-473E-4958-9083-8D0ABAE325BD}.Release|Any CPU.Build.0 = Release|Any CPU
		{C99AE080-DDF0-491B-A513-C298979D6AE0}.Debug|Any CPU.ActiveCfg = Debug|Any CPU
		{C99AE080-DDF0-491B-A513-C298979D6AE0}.Debug|Any CPU.Build.0 = Debug|Any CPU
		{C99AE080-DDF0-491B-A513-C298979D6AE0}.Release|Any CPU.ActiveCfg = Release|Any CPU
		{C99AE080-DDF0-491B-A513-C298979D6AE0}.Release|Any CPU.Build.0 = Release|Any CPU
	EndGlobalSection
	GlobalSection(SolutionProperties) = preSolution
		HideSolutionNode = FALSE
	EndGlobalSection
	GlobalSection(ExtensibilityGlobals) = postSolution
		SolutionGuid = {FB0DFD27-7A98-45A5-A621-917F849AE305}
	EndGlobalSection
EndGlobal
